
Microsoft Visual Studio Solution File, Format Version 12.00
# Visual Studio 15
VisualStudioVersion = 15.0.28307.852
MinimumVisualStudioVersion = 10.0.40219.1
Project("{8BC9CEB8-8B4A-11D0-8D11-00A0C91BC942}") = "Trace", "Trace\Trace.vcxproj", "{3389D047-310E-4CA5-A020-AEFDA2CAB77E}"
EndProject
Global
	GlobalSection(SolutionConfigurationPlatforms) = preSolution
		Debug|x64 = Debug|x64
		Debug|x86 = Debug|x86
		Release|x64 = Release|x64
		Release|x86 = Release|x86
	EndGlobalSection
	GlobalSection(ProjectConfigurationPlatforms) = postSolution
		{3389D047-310E-4CA5-A020-AEFDA2CAB77E}.Debug|x64.ActiveCfg = Debug|x64
		{3389D047-310E-4CA5-A020-AEFDA2CAB77E}.Debug|x64.Build.0 = Debug|x64
		{3389D047-310E-4CA5-A020-AEFDA2CAB77E}.Debug|x86.ActiveCfg = Debug|Win32
		{3389D047-310E-4CA5-A020-AEFDA2CAB77E}.Debug|x86.Build.0 = Debug|Win32
		{3389D047-310E-4CA5-A020-AEFDA2CAB77E}.Release|x64.ActiveCfg = Release|x64
		{3389D047-310E-4CA5-A020-AEFDA2CAB77E}.Release|x64.Build.0 = Release|x64
		{3389D047-310E-4CA5-A020-AEFDA2CAB77E}.Release|x86.ActiveCfg = Release|Win32
		{3389D047-310E-4CA5-A020-AEFDA2CAB77E}.Release|x86.Build.0 = Release|Win32
	EndGlobalSection
	GlobalSection(SolutionProperties) = preSolution
		HideSolutionNode = FALSE
	EndGlobalSection
	GlobalSection(ExtensibilityGlobals) = postSolution
		SolutionGuid = {280A4045-B09F-4A1A-AC29-E9B5C681CA30}
	EndGlobalSection
EndGlobal
